
Microsoft Visual Studio Solution File, Format Version 12.00
# Visual Studio Version 16
VisualStudioVersion = 16.0.31624.102
MinimumVisualStudioVersion = 10.0.40219.1
Project("{FAE04EC0-301F-11D3-BF4B-00C04F79EFBC}") = "Calculator", "Calculator.csproj", "{FB30E59F-BDD9-49CF-B86D-AC51F035B58D}"
EndProject
Global
	GlobalSection(SolutionConfigurationPlatforms) = preSolution
		Debug|Any CPU = Debug|Any CPU
		Release|Any CPU = Release|Any CPU
	EndGlobalSection
	GlobalSection(ProjectConfigurationPlatforms) = postSolution
		{FB30E59F-BDD9-49CF-B86D-AC51F035B58D}.Debug|Any CPU.ActiveCfg = Debug|Any CPU
		{FB30E59F-BDD9-49CF-B86D-AC51F035B58D}.Debug|Any CPU.Build.0 = Debug|Any CPU
		{FB30E59F-BDD9-49CF-B86D-AC51F035B58D}.Release|Any CPU.ActiveCfg = Release|Any CPU
		{FB30E59F-BDD9-49CF-B86D-AC51F035B58D}.Release|Any CPU.Build.0 = Release|Any CPU
	EndGlobalSection
	GlobalSection(SolutionProperties) = preSolution
		HideSolutionNode = FALSE
	EndGlobalSection
	GlobalSection(ExtensibilityGlobals) = postSolution
		SolutionGuid = {DAB2CE66-9CE0-4F61-A560-38B25F175D83}
	EndGlobalSection
EndGlobal
